
Microsoft Visual Studio Solution File, Format Version 12.00
# Visual Studio Version 16
VisualStudioVersion = 16.0.31727.386
MinimumVisualStudioVersion = 10.0.40219.1
Project("{9A19103F-16F7-4668-BE54-9A1E7A4F7556}") = "API", "API\API.csproj", "{86C05D31-3A44-4EF3-9877-C6447D2E8A63}"
EndProject
Project("{FAE04EC0-301F-11D3-BF4B-00C04F79EFBC}") = "Client", "Client\Client.csproj", "{3045ED08-BD73-43D4-800E-72AE9DE82EFE}"
EndProject
Global
	GlobalSection(SolutionConfigurationPlatforms) = preSolution
		Debug|Any CPU = Debug|Any CPU
		Release|Any CPU = Release|Any CPU
	EndGlobalSection
	GlobalSection(ProjectConfigurationPlatforms) = postSolution
		{86C05D31-3A44-4EF3-9877-C6447D2E8A63}.Debug|Any CPU.ActiveCfg = Debug|Any CPU
		{86C05D31-3A44-4EF3-9877-C6447D2E8A63}.Debug|Any CPU.Build.0 = Debug|Any CPU
		{86C05D31-3A44-4EF3-9877-C6447D2E8A63}.Release|Any CPU.ActiveCfg = Release|Any CPU
		{86C05D31-3A44-4EF3-9877-C6447D2E8A63}.Release|Any CPU.Build.0 = Release|Any CPU
		{3045ED08-BD73-43D4-800E-72AE9DE82EFE}.Debug|Any CPU.ActiveCfg = Debug|Any CPU
		{3045ED08-BD73-43D4-800E-72AE9DE82EFE}.Debug|Any CPU.Build.0 = Debug|Any CPU
		{3045ED08-BD73-43D4-800E-72AE9DE82EFE}.Release|Any CPU.ActiveCfg = Release|Any CPU
		{3045ED08-BD73-43D4-800E-72AE9DE82EFE}.Release|Any CPU.Build.0 = Release|Any CPU
	EndGlobalSection
	GlobalSection(SolutionProperties) = preSolution
		HideSolutionNode = FALSE
	EndGlobalSection
	GlobalSection(ExtensibilityGlobals) = postSolution
		SolutionGuid = {246379F8-D58E-4907-A7DF-82A0922F3B38}
	EndGlobalSection
EndGlobal
